{
	"name": "tanstack-db-surrealdb",
	"version": "0.1.0",
	"lockfileVersion": 3,
	"requires": true,
	"packages": {
		"": {
			"name": "tanstack-db-surrealdb",
			"version": "0.1.0",
			"dependencies": {
				"@tanstack/db": "^0.4.3",
				"loro-crdt": "^1.8.1",
				"surrealdb": "2.0.0-alpha.8"
			},
			"devDependencies": {
				"@biomejs/biome": "^2.2.5",
				"bunup": "^0.14.11"
			}
		},
		"node_modules/@babel/helper-string-parser": {
			"version": "7.27.1",
			"dev": true,
			"license": "MIT",
			"engines": {
				"node": ">=6.9.0"
			}
		},
		"node_modules/@babel/helper-validator-identifier": {
			"version": "7.27.1",
			"dev": true,
			"license": "MIT",
			"engines": {
				"node": ">=6.9.0"
			}
		},
		"node_modules/@babel/parser": {
			"version": "7.28.4",
			"dev": true,
			"license": "MIT",
			"dependencies": {
				"@babel/types": "^7.28.4"
			},
			"bin": {
				"parser": "bin/babel-parser.js"
			},
			"engines": {
				"node": ">=6.0.0"
			}
		},
		"node_modules/@babel/types": {
			"version": "7.28.4",
			"dev": true,
			"license": "MIT",
			"dependencies": {
				"@babel/helper-string-parser": "^7.27.1",
				"@babel/helper-validator-identifier": "^7.27.1"
			},
			"engines": {
				"node": ">=6.9.0"
			}
		},
		"node_modules/@biomejs/biome": {
			"version": "2.2.5",
			"dev": true,
			"license": "MIT OR Apache-2.0",
			"bin": {
				"biome": "bin/biome"
			},
			"engines": {
				"node": ">=14.21.3"
			},
			"funding": {
				"type": "opencollective",
				"url": "https://opencollective.com/biome"
			},
			"optionalDependencies": {
				"@biomejs/cli-darwin-arm64": "2.2.5",
				"@biomejs/cli-darwin-x64": "2.2.5",
				"@biomejs/cli-linux-arm64": "2.2.5",
				"@biomejs/cli-linux-arm64-musl": "2.2.5",
				"@biomejs/cli-linux-x64": "2.2.5",
				"@biomejs/cli-linux-x64-musl": "2.2.5",
				"@biomejs/cli-win32-arm64": "2.2.5",
				"@biomejs/cli-win32-x64": "2.2.5"
			}
		},
		"node_modules/@biomejs/cli-darwin-arm64": {
			"version": "2.2.5",
			"cpu": [
				"arm64"
			],
			"dev": true,
			"license": "MIT OR Apache-2.0",
			"optional": true,
			"os": [
				"darwin"
			],
			"engines": {
				"node": ">=14.21.3"
			}
		},
		"node_modules/@bunup/dts": {
			"version": "0.14.10",
			"dev": true,
			"license": "MIT",
			"dependencies": {
				"@babel/parser": "^7.28.0",
				"coffi": "^0.1.31",
				"oxc-minify": "^0.77.2",
				"oxc-resolver": "^8.0.0",
				"oxc-transform": "^0.67.0",
				"picocolors": "^1.1.1",
				"std-env": "^3.9.0",
				"ts-import-resolver": "^0.1.23"
			},
			"funding": {
				"url": "https://github.com/sponsors/arshad-yaseen"
			},
			"peerDependencies": {
				"typescript": ">=4.5.0"
			},
			"peerDependenciesMeta": {
				"typescript": {
					"optional": true
				}
			}
		},
		"node_modules/@bunup/shared": {
			"version": "0.14.10",
			"dev": true,
			"license": "MIT",
			"funding": {
				"url": "https://github.com/sponsors/arshad-yaseen"
			},
			"peerDependencies": {
				"typescript": ">=4.5.0"
			},
			"peerDependenciesMeta": {
				"typescript": {
					"optional": true
				}
			}
		},
		"node_modules/@oxc-minify/binding-darwin-arm64": {
			"version": "0.77.3",
			"cpu": [
				"arm64"
			],
			"dev": true,
			"license": "MIT",
			"optional": true,
			"os": [
				"darwin"
			],
			"engines": {
				"node": ">=14.0.0"
			}
		},
		"node_modules/@oxc-resolver/binding-darwin-arm64": {
			"version": "8.0.0",
			"cpu": [
				"arm64"
			],
			"dev": true,
			"license": "MIT",
			"optional": true,
			"os": [
				"darwin"
			]
		},
		"node_modules/@oxc-transform/binding-darwin-arm64": {
			"version": "0.67.0",
			"cpu": [
				"arm64"
			],
			"dev": true,
			"license": "MIT",
			"optional": true,
			"os": [
				"darwin"
			],
			"engines": {
				"node": ">=14.0.0"
			}
		},
		"node_modules/@standard-schema/spec": {
			"version": "1.0.0",
			"license": "MIT"
		},
		"node_modules/@surrealdb/cbor": {
			"version": "2.0.0-alpha.4",
			"license": "Apache-2.0",
			"engines": {
				"node": ">=18.0.0"
			}
		},
		"node_modules/@tanstack/db": {
			"version": "0.4.3",
			"license": "MIT",
			"dependencies": {
				"@standard-schema/spec": "^1.0.0",
				"@tanstack/db-ivm": "0.1.9"
			},
			"peerDependencies": {
				"typescript": ">=4.7"
			}
		},
		"node_modules/@tanstack/db-ivm": {
			"version": "0.1.9",
			"license": "MIT",
			"dependencies": {
				"fractional-indexing": "^3.2.0",
				"sorted-btree": "^1.8.1"
			},
			"peerDependencies": {
				"typescript": ">=4.7"
			}
		},
		"node_modules/bunup": {
			"version": "0.14.11",
			"dev": true,
			"license": "MIT",
			"dependencies": {
				"@bunup/dts": "0.14.10",
				"@bunup/shared": "0.14.10",
				"chokidar": "^4.0.3",
				"coffi": "^0.1.35",
				"lightningcss": "^1.30.1",
				"picocolors": "^1.1.1",
				"tinyexec": "^1.0.1",
				"tree-kill": "^1.2.2",
				"zlye": "^0.4.4"
			},
			"bin": {
				"bunup": "dist/cli/index.js"
			},
			"funding": {
				"url": "https://github.com/sponsors/arshad-yaseen"
			},
			"peerDependencies": {
				"typescript": ">=4.5.0"
			},
			"peerDependenciesMeta": {
				"typescript": {
					"optional": true
				}
			}
		},
		"node_modules/chokidar": {
			"version": "4.0.3",
			"dev": true,
			"license": "MIT",
			"dependencies": {
				"readdirp": "^4.0.1"
			},
			"engines": {
				"node": ">= 14.16.0"
			},
			"funding": {
				"url": "https://paulmillr.com/funding/"
			}
		},
		"node_modules/coffi": {
			"version": "0.1.35",
			"dev": true,
			"license": "MIT"
		},
		"node_modules/detect-libc": {
			"version": "2.1.1",
			"dev": true,
			"license": "Apache-2.0",
			"engines": {
				"node": ">=8"
			}
		},
		"node_modules/fractional-indexing": {
			"version": "3.2.0",
			"license": "CC0-1.0",
			"engines": {
				"node": "^14.13.1 || >=16.0.0"
			}
		},
		"node_modules/lightningcss": {
			"version": "1.30.2",
			"dev": true,
			"license": "MPL-2.0",
			"dependencies": {
				"detect-libc": "^2.0.3"
			},
			"engines": {
				"node": ">= 12.0.0"
			},
			"funding": {
				"type": "opencollective",
				"url": "https://opencollective.com/parcel"
			},
			"optionalDependencies": {
				"lightningcss-android-arm64": "1.30.2",
				"lightningcss-darwin-arm64": "1.30.2",
				"lightningcss-darwin-x64": "1.30.2",
				"lightningcss-freebsd-x64": "1.30.2",
				"lightningcss-linux-arm-gnueabihf": "1.30.2",
				"lightningcss-linux-arm64-gnu": "1.30.2",
				"lightningcss-linux-arm64-musl": "1.30.2",
				"lightningcss-linux-x64-gnu": "1.30.2",
				"lightningcss-linux-x64-musl": "1.30.2",
				"lightningcss-win32-arm64-msvc": "1.30.2",
				"lightningcss-win32-x64-msvc": "1.30.2"
			}
		},
		"node_modules/lightningcss-darwin-arm64": {
			"version": "1.30.2",
			"cpu": [
				"arm64"
			],
			"dev": true,
			"license": "MPL-2.0",
			"optional": true,
			"os": [
				"darwin"
			],
			"engines": {
				"node": ">= 12.0.0"
			},
			"funding": {
				"type": "opencollective",
				"url": "https://opencollective.com/parcel"
			}
		},
		"node_modules/loro-crdt": {
			"version": "1.8.1",
			"license": "MIT"
		},
		"node_modules/oxc-minify": {
			"version": "0.77.3",
			"dev": true,
			"license": "MIT",
			"engines": {
				"node": ">=14.0.0"
			},
			"funding": {
				"url": "https://github.com/sponsors/Boshen"
			},
			"optionalDependencies": {
				"@oxc-minify/binding-android-arm64": "0.77.3",
				"@oxc-minify/binding-darwin-arm64": "0.77.3",
				"@oxc-minify/binding-darwin-x64": "0.77.3",
				"@oxc-minify/binding-freebsd-x64": "0.77.3",
				"@oxc-minify/binding-linux-arm-gnueabihf": "0.77.3",
				"@oxc-minify/binding-linux-arm-musleabihf": "0.77.3",
				"@oxc-minify/binding-linux-arm64-gnu": "0.77.3",
				"@oxc-minify/binding-linux-arm64-musl": "0.77.3",
				"@oxc-minify/binding-linux-riscv64-gnu": "0.77.3",
				"@oxc-minify/binding-linux-s390x-gnu": "0.77.3",
				"@oxc-minify/binding-linux-x64-gnu": "0.77.3",
				"@oxc-minify/binding-linux-x64-musl": "0.77.3",
				"@oxc-minify/binding-wasm32-wasi": "0.77.3",
				"@oxc-minify/binding-win32-arm64-msvc": "0.77.3",
				"@oxc-minify/binding-win32-x64-msvc": "0.77.3"
			}
		},
		"node_modules/oxc-resolver": {
			"version": "8.0.0",
			"dev": true,
			"license": "MIT",
			"funding": {
				"url": "https://github.com/sponsors/Boshen"
			},
			"optionalDependencies": {
				"@oxc-resolver/binding-darwin-arm64": "8.0.0",
				"@oxc-resolver/binding-darwin-x64": "8.0.0",
				"@oxc-resolver/binding-freebsd-x64": "8.0.0",
				"@oxc-resolver/binding-linux-arm-gnueabihf": "8.0.0",
				"@oxc-resolver/binding-linux-arm64-gnu": "8.0.0",
				"@oxc-resolver/binding-linux-arm64-musl": "8.0.0",
				"@oxc-resolver/binding-linux-riscv64-gnu": "8.0.0",
				"@oxc-resolver/binding-linux-s390x-gnu": "8.0.0",
				"@oxc-resolver/binding-linux-x64-gnu": "8.0.0",
				"@oxc-resolver/binding-linux-x64-musl": "8.0.0",
				"@oxc-resolver/binding-wasm32-wasi": "8.0.0",
				"@oxc-resolver/binding-win32-arm64-msvc": "8.0.0",
				"@oxc-resolver/binding-win32-x64-msvc": "8.0.0"
			}
		},
		"node_modules/oxc-transform": {
			"version": "0.67.0",
			"dev": true,
			"license": "MIT",
			"engines": {
				"node": ">=14.0.0"
			},
			"funding": {
				"url": "https://github.com/sponsors/Boshen"
			},
			"optionalDependencies": {
				"@oxc-transform/binding-darwin-arm64": "0.67.0",
				"@oxc-transform/binding-darwin-x64": "0.67.0",
				"@oxc-transform/binding-linux-arm-gnueabihf": "0.67.0",
				"@oxc-transform/binding-linux-arm64-gnu": "0.67.0",
				"@oxc-transform/binding-linux-arm64-musl": "0.67.0",
				"@oxc-transform/binding-linux-x64-gnu": "0.67.0",
				"@oxc-transform/binding-linux-x64-musl": "0.67.0",
				"@oxc-transform/binding-wasm32-wasi": "0.67.0",
				"@oxc-transform/binding-win32-arm64-msvc": "0.67.0",
				"@oxc-transform/binding-win32-x64-msvc": "0.67.0"
			}
		},
		"node_modules/picocolors": {
			"version": "1.1.1",
			"dev": true,
			"license": "ISC"
		},
		"node_modules/readdirp": {
			"version": "4.1.2",
			"dev": true,
			"license": "MIT",
			"engines": {
				"node": ">= 14.18.0"
			},
			"funding": {
				"type": "individual",
				"url": "https://paulmillr.com/funding/"
			}
		},
		"node_modules/sorted-btree": {
			"version": "1.8.1",
			"license": "MIT"
		},
		"node_modules/std-env": {
			"version": "3.9.0",
			"dev": true,
			"license": "MIT"
		},
		"node_modules/surrealdb": {
			"version": "2.0.0-alpha.8",
			"license": "Apache-2.0",
			"dependencies": {
				"@surrealdb/cbor": "2.0.0-alpha.4",
				"uuidv7": "^1.0.1"
			},
			"peerDependencies": {
				"tslib": "^2.6.3",
				"typescript": "^5.0.0"
			}
		},
		"node_modules/surrealdb/node_modules/uuidv7": {
			"version": "1.0.2",
			"license": "Apache-2.0",
			"bin": {
				"uuidv7": "cli.js"
			}
		},
		"node_modules/tinyexec": {
			"version": "1.0.1",
			"dev": true,
			"license": "MIT"
		},
		"node_modules/tree-kill": {
			"version": "1.2.2",
			"dev": true,
			"license": "MIT",
			"bin": {
				"tree-kill": "cli.js"
			}
		},
		"node_modules/ts-import-resolver": {
			"version": "0.1.23",
			"dev": true,
			"license": "MIT",
			"peerDependencies": {
				"typescript": ">=4.5.0"
			},
			"peerDependenciesMeta": {
				"typescript": {
					"optional": true
				}
			}
		},
		"node_modules/tslib": {
			"version": "2.8.1",
			"license": "0BSD",
			"peer": true
		},
		"node_modules/typescript": {
			"version": "5.9.3",
			"license": "Apache-2.0",
			"peer": true,
			"bin": {
				"tsc": "bin/tsc",
				"tsserver": "bin/tsserver"
			},
			"engines": {
				"node": ">=14.17"
			}
		},
		"node_modules/zlye": {
			"version": "0.4.4",
			"dev": true,
			"license": "MIT",
			"dependencies": {
				"picocolors": "^1.1.1"
			},
			"peerDependencies": {
				"typescript": ">=4.5.0"
			},
			"peerDependenciesMeta": {
				"typescript": {
					"optional": true
				}
			}
		}
	}
}
